<?xml version="1.0" encoding="UTF-8" standalone="yes" ?>
<CodeBlocks_project_file>
	<FileVersion major="1" minor="6" />
	<Project>
		<Option title="Bridg-It" />
		<Option pch_mode="2" />
		<Option compiler="gcc" />
		<Build>
			<Target title="Debug">
				<Option output="bin/Debug/Bridg-It" prefix_auto="1" extension_auto="1" />
				<Option object_output="obj/Debug/" />
				<Option type="1" />
				<Option compiler="gcc" />
				<Compiler>
					<Add option="-g" />
				</Compiler>
			</Target>
			<Target title="Release">
				<Option output="bin/Release/Bridg-It" prefix_auto="1" extension_auto="1" />
				<Option object_output="obj/Release/" />
				<Option type="1" />
				<Option compiler="gcc" />
				<Compiler>
					<Add option="-O2" />
				</Compiler>
				<Linker>
					<Add option="-s" />
				</Linker>
			</Target>
		</Build>
		<Compiler>
			<Add option="-Wall" />
			<Add option="-fexceptions" />
		</Compiler>
		<Unit filename="Assets/Fonts/Roboto-Black.ttf" />
		<Unit filename="Assets/Fonts/Roboto-BlackItalic.ttf" />
		<Unit filename="Assets/Fonts/Roboto-Bold.ttf" />
		<Unit filename="Assets/Fonts/Roboto-BoldItalic.ttf" />
		<Unit filename="Assets/Fonts/Roboto-Italic.ttf" />
		<Unit filename="Assets/Fonts/Roboto-Light.ttf" />
		<Unit filename="Assets/Fonts/Roboto-LightItalic.ttf" />
		<Unit filename="Assets/Fonts/Roboto-Medium.ttf" />
		<Unit filename="Assets/Fonts/Roboto-MediumItalic.ttf" />
		<Unit filename="Assets/Fonts/Roboto-Regular.ttf" />
		<Unit filename="Assets/Fonts/Roboto-Thin.ttf" />
		<Unit filename="Assets/Fonts/Roboto-ThinItalic.ttf" />
		<Unit filename="Assets/Fonts/RobotoCondensed-Bold.ttf" />
		<Unit filename="Assets/Fonts/RobotoCondensed-BoldItalic.ttf" />
		<Unit filename="Assets/Fonts/RobotoCondensed-Italic.ttf" />
		<Unit filename="Assets/Fonts/RobotoCondensed-Light.ttf" />
		<Unit filename="Assets/Fonts/RobotoCondensed-LightItalic.ttf" />
		<Unit filename="Assets/Fonts/RobotoCondensed-Regular.ttf" />
		<Unit filename="Backend.cpp" />
		<Unit filename="Backend.hpp" />
		<Unit filename="UI.cpp" />
		<Unit filename="UI.hpp" />
		<Unit filename="dataStructures.cpp" />
		<Unit filename="dataStructures.hpp" />
		<Unit filename="globalVars.cpp" />
		<Unit filename="globalVars.hpp" />
		<Unit filename="macros.hpp" />
		<Unit filename="main.cpp" />
		<Extensions>
			<code_completion />
			<envvars />
			<debugger />
		</Extensions>
	</Project>
</CodeBlocks_project_file>
